
Microsoft Visual Studio Solution File, Format Version 12.00
# Visual Studio Version 17
VisualStudioVersion = 17.13.35931.197 d17.13
MinimumVisualStudioVersion = 10.0.40219.1
Project("{2150E333-8FDC-42A3-9474-1A3956D46DE8}") = "BookService", "BookService", "{02EA681E-C7D8-13C7-8484-4AC65E1B71E8}"
EndProject
Project("{2150E333-8FDC-42A3-9474-1A3956D46DE8}") = "UserService", "UserService", "{E33832E4-AC18-42EB-A7BC-9D2B54B9B665}"
EndProject
Project("{2150E333-8FDC-42A3-9474-1A3956D46DE8}") = "CartService", "CartService", "{6A52092B-ACCF-4983-8A35-D723FEEC5FEC}"
EndProject
Project("{2150E333-8FDC-42A3-9474-1A3956D46DE8}") = "OrderService", "OrderService", "{0EAEE005-DD19-45A4-A80E-966216CA56B5}"
EndProject
Project("{2150E333-8FDC-42A3-9474-1A3956D46DE8}") = "PaymentService", "PaymentService", "{8B2E5257-3E4E-4512-B51D-0315D5F5BB60}"
EndProject
Project("{2150E333-8FDC-42A3-9474-1A3956D46DE8}") = "ReviewService", "ReviewService", "{B6A3506A-839E-49FA-9406-0C9B86155A30}"
EndProject
Project("{2150E333-8FDC-42A3-9474-1A3956D46DE8}") = "WebUI", "WebUI", "{B0992736-B86F-44C3-A9F7-03397F333917}"
EndProject
Project("{2150E333-8FDC-42A3-9474-1A3956D46DE8}") = "IdentityService", "IdentityService", "{47920B30-0199-4F82-8F76-F49D3A62DC58}"
EndProject
Project("{FAE04EC0-301F-11D3-BF4B-00C04F79EFBC}") = "BookBaazar-UI", "BookBaazar-UI\BookBaazar-UI.csproj", "{D54CE391-8619-4581-9A7A-F4D0076FA829}"
EndProject
Project("{FAE04EC0-301F-11D3-BF4B-00C04F79EFBC}") = "userService-API", "userService-API\userService-API.csproj", "{72678114-6F10-4341-A7D7-C185A1540E68}"
EndProject
Project("{2150E333-8FDC-42A3-9474-1A3956D46DE8}") = "Gateway-API", "Gateway-API", "{FFE71FA0-BF90-460F-A3D7-95B62DB4DC83}"
EndProject
Project("{FAE04EC0-301F-11D3-BF4B-00C04F79EFBC}") = "IdentityService-API", "IdentityService-API\IdentityService-API.csproj", "{EFC5179C-5721-4399-BF09-3C94D50052C5}"
EndProject
Global
	GlobalSection(SolutionConfigurationPlatforms) = preSolution
		Debug|Any CPU = Debug|Any CPU
		Release|Any CPU = Release|Any CPU
	EndGlobalSection
	GlobalSection(ProjectConfigurationPlatforms) = postSolution
		{D54CE391-8619-4581-9A7A-F4D0076FA829}.Debug|Any CPU.ActiveCfg = Debug|Any CPU
		{D54CE391-8619-4581-9A7A-F4D0076FA829}.Debug|Any CPU.Build.0 = Debug|Any CPU
		{D54CE391-8619-4581-9A7A-F4D0076FA829}.Release|Any CPU.ActiveCfg = Release|Any CPU
		{D54CE391-8619-4581-9A7A-F4D0076FA829}.Release|Any CPU.Build.0 = Release|Any CPU
		{72678114-6F10-4341-A7D7-C185A1540E68}.Debug|Any CPU.ActiveCfg = Debug|Any CPU
		{72678114-6F10-4341-A7D7-C185A1540E68}.Debug|Any CPU.Build.0 = Debug|Any CPU
		{72678114-6F10-4341-A7D7-C185A1540E68}.Release|Any CPU.ActiveCfg = Release|Any CPU
		{72678114-6F10-4341-A7D7-C185A1540E68}.Release|Any CPU.Build.0 = Release|Any CPU
		{EFC5179C-5721-4399-BF09-3C94D50052C5}.Debug|Any CPU.ActiveCfg = Debug|Any CPU
		{EFC5179C-5721-4399-BF09-3C94D50052C5}.Debug|Any CPU.Build.0 = Debug|Any CPU
		{EFC5179C-5721-4399-BF09-3C94D50052C5}.Release|Any CPU.ActiveCfg = Release|Any CPU
		{EFC5179C-5721-4399-BF09-3C94D50052C5}.Release|Any CPU.Build.0 = Release|Any CPU
	EndGlobalSection
	GlobalSection(SolutionProperties) = preSolution
		HideSolutionNode = FALSE
	EndGlobalSection
	GlobalSection(NestedProjects) = preSolution
		{D54CE391-8619-4581-9A7A-F4D0076FA829} = {B0992736-B86F-44C3-A9F7-03397F333917}
		{72678114-6F10-4341-A7D7-C185A1540E68} = {E33832E4-AC18-42EB-A7BC-9D2B54B9B665}
		{EFC5179C-5721-4399-BF09-3C94D50052C5} = {47920B30-0199-4F82-8F76-F49D3A62DC58}
	EndGlobalSection
	GlobalSection(ExtensibilityGlobals) = postSolution
		SolutionGuid = {AEF6225B-E21B-4097-9FE3-B2DA3A1E9F5E}
	EndGlobalSection
EndGlobal
